{
  "name": "html",
  "version": "1.0.0",
  "lockfileVersion": 1,
  "requires": true,
  "dependencies": {
    "@bmlt-enabled/croutonjs": {
      "version": "3.11.1",
      "resolved": "https://registry.npmjs.org/@bmlt-enabled/croutonjs/-/croutonjs-3.11.1.tgz",
      "integrity": "sha512-r0IASZQUs6OUGyzInpUTkgYiaT7nVga/b10+SnBLtiKuUftNvzwAuT8734u6foDliDuJZwvYEspKILFzQHhNOA=="
    }
  }
}
