{
  "name": "html",
  "version": "1.0.0",
  "lockfileVersion": 1,
  "requires": true,
  "dependencies": {
    "@bmlt-enabled/croutonjs": {
      "version": "3.11.3",
      "resolved": "https://registry.npmjs.org/@bmlt-enabled/croutonjs/-/croutonjs-3.11.3.tgz",
      "integrity": "sha512-d1Xg+Fm7J3Ej82Yr6jyBzHVwWZPWkicw4tbwMKhSQD1+6AA71o7A3VOveli/JjNPR2dmbAei5EuMUgi/Rcylwg=="
    }
  }
}
